version = 1
revision = 1
requires-python = "==3.12.*"

[[package]]
name = "aionotify"
version = "0.3.1"
source = { registry = "https://pypi.org/simple" }
sdist = { url = "https://files.pythonhosted.org/packages/23/16/81a26a64d728e76eea073cd0316f3e8885cca312247a9ba9af64d7c47e64/aionotify-0.3.1.tar.gz", hash = "sha256:9651e1373873c75786101330e302e114f85b6e8b5ad70b491497c8b3609a8449", size = 11291 }
wheels = [
    { url = "https://files.pythonhosted.org/packages/6b/6a/b43cb72f72ad650225854b630ab569b74071764fb562b88264aed4c9e350/aionotify-0.3.1-py2.py3-none-any.whl", hash = "sha256:25816a9eef030c774beaee22189a24e29bc43f81cebe574ef723851eaf89ddee", size = 7429 },
]

[[package]]
name = "annotated-types"
version = "0.8.0"
source = { registry = "https://pypi.org/simple" }
sdist = { url = "https://files.pythonhosted.org/packages/5f/56/a8120250d128bed162cd73c76d45f6ef9991f3e068f62a8ee060afa3104a/annotated_types-0.8.0.tar.gz", hash = "sha256:13b2beaad985e05e2d6407ee4c4f35590b11f8d693a258a561055cac8f64cab7", size = 15893 }
wheels = [
    { url = "https://files.pythonhosted.org/packages/99/91/8acff4f5e50511b911bbccb72b8628a49c68ce14148cd9f6431094859a90/annotated_types-0.8.0-py3-none-any.whl", hash = "sha256:f072f4d804ea359e4eaf198b1af7a8b0943881a87f31bb764f8bf219bb9419e0", size = 13427 },
]

[[package]]
name = "anyio"
version = "4.14.2"
source = { registry = "https://pypi.org/simple" }
dependencies = [
    { name = "idna" },
    { name = "typing-extensions" },
]
sdist = { url = "https://files.pythonhosted.org/packages/61/cc/a381afa6efea9f496eff839d4a6a1aed3bfafc7b3ab4b0d1b243a12573dd/anyio-4.14.2.tar.gz", hash = "sha256:cfa139f3ed1a23ee8f88a145ddb5ac7605b8bbfd8592baacd7ce3d8bb4313c7f", size = 260176 }
wheels = [
    { url = "https://files.pythonhosted.org/packages/da/35/f2287558c17e29fafc8ef3daf819bb9834061cfa43bff8014f7df7f63bdc/anyio-4.14.2-py3-none-any.whl", hash = "sha256:9f505dda5ac9f0c8309b5e8bd445a8c2bf7246f3ce950121e45ea15bc41d1494", size = 125813 },
]

[[package]]
name = "attrs"
version = "26.1.0"
source = { registry = "https://pypi.org/simple" }
sdist = { url = "https://files.pythonhosted.org/packages/9a/8e/82a0fe20a541c03148528be8cac2408564a6c9a0cc7e9171802bc1d26985/attrs-26.1.0.tar.gz", hash = "sha256:d03ceb89cb322a8fd706d4fb91940737b6642aa36998fe130a9bc96c985eff32", size = 952055 }
wheels = [
    { url = "https://files.pythonhosted.org/packages/64/b4/17d4b0b2a2dc85a6df63d1157e028ed19f90d4cd97c36717afef2bc2f395/attrs-26.1.0-py3-none-any.whl", hash = "sha256:c647aa4a12dfbad9333ca4e71fe62ddc36f4e63b2d260a37a8b83d2f043ac309", size = 67548 },
]

[[package]]
name = "click"
version = "8.4.2"
source = { registry = "https://pypi.org/simple" }
dependencies = [
    { name = "colorama", marker = "sys_platform == 'win32'" },
]
sdist = { url = "https://files.pythonhosted.org/packages/76/d4/81420972a676e8ffea40450d8c8c92943e7218a78fe9b64359836cc9876b/click-8.4.2.tar.gz", hash = "sha256:9a6cea6e60b17ebe0a44c5cc636d94f09bd66142c1cd7d8b4cd731c4917a15f6", size = 338000 }
wheels = [
    { url = "https://files.pythonhosted.org/packages/fb/e2/79c688af8b210d232694e31e59da9f6ec747bae31c3f5946e4e9b98860d5/click-8.4.2-py3-none-any.whl", hash = "sha256:e6f9f66136c816745b9d65817da91d61d957fb16e02e4dcd0552553c5a197b76", size = 119243 },
]

[[package]]
name = "colorama"
version = "0.4.6"
source = { registry = "https://pypi.org/simple" }
sdist = { url = "https://files.pythonhosted.org/packages/d8/53/6f443c9a4a8358a93a6792e2acffb9d9d5cb0a5cfd8802644b7b1c9a02e4/colorama-0.4.6.tar.gz", hash = "sha256:08695f5cb7ed6e0531a20572697297273c47b8cae5a63ffc6d6ed5c201be6e44", size = 27697 }
wheels = [
    { url = "https://files.pythonhosted.org/packages/d1/d6/3965ed04c63042e047cb6a3e6ed1a63a35087b6a609aa3a15ed8ac56c221/colorama-0.4.6-py2.py3-none-any.whl", hash = "sha256:4f1d9991f5acc0ca119f9d443620b77f9d6b33703e51011c16baf57afb285fc6", size = 25335 },
]

[[package]]
name = "idna"
version = "3.18"
source = { registry = "https://pypi.org/simple" }
sdist = { url = "https://files.pythonhosted.org/packages/cd/63/9496c57188a2ee585e0f1db071d75089a11e98aa86eb99d9d7618fc1edce/idna-3.18.tar.gz", hash = "sha256:ffb385a7e039654cef1ab9ef32c6fafe283c0c0467bba1d9029738ce4a14a848", size = 196711 }
wheels = [
    { url = "https://files.pythonhosted.org/packages/1e/5e/d4e9f1a599fb8e573b7b87160658329fbf28d19eac2718f51fc3def3aa5a/idna-3.18-py3-none-any.whl", hash = "sha256:7f952cbe720b688055e3f87de14f5c3e5fdaa8bc3928985c4077ca689de849a2", size = 65455 },
]

[[package]]
name = "iniconfig"
version = "2.3.0"
source = { registry = "https://pypi.org/simple" }
sdist = { url = "https://files.pythonhosted.org/packages/72/34/14ca021ce8e5dfedc35312d08ba8bf51fdd999c576889fc2c24cb97f4f10/iniconfig-2.3.0.tar.gz", hash = "sha256:c76315c77db068650d49c5b56314774a7804df16fee4402c1f19d6d15d8c4730", size = 20503 }
wheels = [
    { url = "https://files.pythonhosted.org/packages/cb/b1/3846dd7f199d53cb17f49cba7e651e9ce294d8497c8c150530ed11865bb8/iniconfig-2.3.0-py3-none-any.whl", hash = "sha256:f631c04d2c48c52b84d0d0549c99ff3859c98df65b3101406327ecc7d53fbf12", size = 7484 },
]

[[package]]
name = "jsonschema"
version = "4.17.3"
source = { registry = "https://pypi.org/simple" }
dependencies = [
    { name = "attrs" },
    { name = "pyrsistent" },
]
sdist = { url = "https://files.pythonhosted.org/packages/36/3d/ca032d5ac064dff543aa13c984737795ac81abc9fb130cd2fcff17cfabc7/jsonschema-4.17.3.tar.gz", hash = "sha256:0f864437ab8b6076ba6707453ef8f98a6a0d512a80e93f8abdb676f737ecb60d", size = 297785 }
wheels = [
    { url = "https://files.pythonhosted.org/packages/c1/97/c698bd9350f307daad79dd740806e1a59becd693bd11443a0f531e3229b3/jsonschema-4.17.3-py3-none-any.whl", hash = "sha256:a870ad254da1a8ca84b6a2905cac29d265f805acc57af304784962a2aa6508f6", size = 90379 },
]

[[package]]
name = "lab-opentrons-ot2-target"
version = "0.1.0"
source = { virtual = "." }
dependencies = [
    { name = "opentrons" },
]

[package.dev-dependencies]
dev = [
    { name = "mypy" },
    { name = "pytest" },
    { name = "ruff" },
]

[package.metadata]
requires-dist = [{ name = "opentrons", specifier = "==8.8.2" }]

[package.metadata.requires-dev]
dev = [
    { name = "mypy", specifier = ">=1.17,<2" },
    { name = "pytest", specifier = ">=8.4,<9" },
    { name = "ruff", specifier = ">=0.12,<1" },
]

[[package]]
name = "librt"
version = "0.13.0"
source = { registry = "https://pypi.org/simple" }
sdist = { url = "https://files.pythonhosted.org/packages/dc/2f/3908645ddddab7120b46295e541ead308109fa48dbec7d67d7a778870d60/librt-0.13.0.tar.gz", hash = "sha256:1d2a610c14ac0d0750ee0a3ab8548e83155258387891caaca04def4bf7289781", size = 211402 }
wheels = [
    { url = "https://files.pythonhosted.org/packages/f0/f4/b2933ddae222dac338476abb872641169a5cfed2c2bb5444a5b07b32b0c3/librt-0.13.0-cp312-cp312-macosx_10_13_x86_64.whl", hash = "sha256:30536798f4504c0fad0885b1d371b0539abb081e4570c9d7c641cb51141b49f0", size = 150990 },
    { url = "https://files.pythonhosted.org/packages/90/ef/db98f744ca50e6efc9c95c70ee49b77aefac31f6a3fc7c83754a42d6a74f/librt-0.13.0-cp312-cp312-macosx_11_0_arm64.whl", hash = "sha256:93d24ebb82aa4420b1409c389e7857bc35bd0b668007ac8172427d5c73cc8cc5", size = 155238 },
    { url = "https://files.pythonhosted.org/packages/03/e7/a197e7bc72baf2c61ce7fdc6906a5054dc05bd8da0819aa894e4857bf87e/librt-0.13.0-cp312-cp312-manylinux2014_aarch64.manylinux_2_17_aarch64.manylinux_2_28_aarch64.whl", hash = "sha256:cb8a1adce42d8b75485a5d56a9623a50bcab995b6079f1dac59fc44034dd93d9", size = 503073 },
    { url = "https://files.pythonhosted.org/packages/f8/e7/7887712e27da7c1ab80fcabb1de6eb24243964f6557cae530d4b70706dbd/librt-0.13.0-cp312-cp312-manylinux2014_i686.manylinux_2_17_i686.manylinux_2_28_i686.whl", hash = "sha256:0763ca2ab66058174f9dee426dc64f5e0a89c24a7df8d3fe3f1836c04e25de4b", size = 496528 },
    { url = "https://files.pythonhosted.org/packages/94/f0/f2283385bb6b950b26a1410f4ce51ec27231e0b3a4b925c46366d218b198/librt-0.13.0-cp312-cp312-manylinux2014_x86_64.manylinux_2_17_x86_64.manylinux_2_28_x86_64.whl", hash = "sha256:b222493da6e7b6199db9bd79502436cf5a27da3c1f7fa83c7e285444fc93fd03", size = 531786 },
    { url = "https://files.pythonhosted.org/packages/36/11/69ac3b54766ffba5fd7e5acebfb048d66dbe1f9f2d14516c2b3edc59cf87/librt-0.13.0-cp312-cp312-manylinux_2_34_riscv64.manylinux_2_39_riscv64.whl", hash = "sha256:fadc63331f4388c3dc90090448f682a7e9feafc11481391c1e94f2f907a3976e", size = 524393 },
    { url = "https://files.pythonhosted.org/packages/61/5f/d72f95fd444a926a3c14b4e24979474116988dd57a45be242077c45d3c22/librt-0.13.0-cp312-cp312-musllinux_1_2_aarch64.whl", hash = "sha256:70d9c62a4cffd9f23396cd5ef93fc5d11b31596b9b7d6306074abe3d5fcf09bd", size = 543026 },
    { url = "https://files.pythonhosted.org/packages/c4/08/dcd9993ad192737a004ba263d549f8ea605b326b952e7d6205c7d4170b76/librt-0.13.0-cp312-cp312-musllinux_1_2_i686.whl", hash = "sha256:66c0e7e6b02a155576df2c77ec933a70b72da726e248c494abf690923e624348", size = 546829 },
    { url = "https://files.pythonhosted.org/packages/96/d5/6d9bb2f54e4109a956b7128836529653eb9d740f784bc47ed10a02c1000e/librt-0.13.0-cp312-cp312-musllinux_1_2_riscv64.whl", hash = "sha256:ac04bcd3328eb91d99dfedf6a60d9c1f15d3434e6f6daf922f0420f7d90b85c7", size = 535700 },
    { url = "https://files.pythonhosted.org/packages/8c/f2/10946922503858a359492fa27f13e86228bde702116a740ac7b3cd185f24/librt-0.13.0-cp312-cp312-musllinux_1_2_x86_64.whl", hash = "sha256:db327e7271e653c32040b85ae6188059c924b57d7e1e29f935523fa017cd4e82", size = 573566 },
    { url = "https://files.pythonhosted.org/packages/48/a8/94f00e3c99479a18088af3685ea016c42f3c7d5d1964d8dbb40c08d7f1aa/librt-0.13.0-cp312-cp312-win32.whl", hash = "sha256:860bd1d8ba48456ce08feaf8d343a8aaeb2fa086f2bcaa2a923fa3f7a3ff9aa3", size = 106099 },
    { url = "https://files.pythonhosted.org/packages/c9/7b/2da9c74c1ed25a89cc4e1c8e007ea2eb4a0f1fafa3e70d757fe3242c5c5c/librt-0.13.0-cp312-cp312-win_amd64.whl", hash = "sha256:e54a315caf843c8d77e388cadc56ea9ded569935ee2d2347d7ea94992e5aa6fa", size = 126934 },
    { url = "https://files.pythonhosted.org/packages/d0/65/aead61bbf3b5358593f9d4779d2a0e88eaf6ec191a6342dde36dd1df6371/librt-0.13.0-cp312-cp312-win_arm64.whl", hash = "sha256:c718e99a0992127af84385378460db624103b559ab260435abcfe77a4e4ed1c1", size = 112236 },
]

[[package]]
name = "mypy"
version = "1.20.2"
source = { registry = "https://pypi.org/simple" }
dependencies = [
    { name = "librt", marker = "platform_python_implementation != 'PyPy'" },
    { name = "mypy-extensions" },
    { name = "pathspec" },
    { name = "typing-extensions" },
]
sdist = { url = "https://files.pythonhosted.org/packages/04/af/e3d4b3e9ec91a0ff9aabfdb38692952acf49bbb899c2e4c29acb3a6da3ae/mypy-1.20.2.tar.gz", hash = "sha256:e8222c26daaafd9e8626dec58ae36029f82585890589576f769a650dd20fd665", size = 3817349 }
wheels = [
    { url = "https://files.pythonhosted.org/packages/71/4e/7560e4528db9e9b147e4c0f22660466bf30a0a1fe3d63d1b9d3b0fd354ee/mypy-1.20.2-cp312-cp312-macosx_10_13_x86_64.whl", hash = "sha256:4dbfcf869f6b0517f70cf0030ba6ea1d6645e132337a7d5204a18d8d5636c02b", size = 14539393 },
    { url = "https://files.pythonhosted.org/packages/32/d9/34a5efed8124f5a9234f55ac6a4ced4201e2c5b81e1109c49ad23190ec8c/mypy-1.20.2-cp312-cp312-macosx_11_0_arm64.whl", hash = "sha256:4b6481b228d072315b053210b01ac320e1be243dc17f9e5887ef167f23f5fae4", size = 13361642 },
    { url = "https://files.pythonhosted.org/packages/d1/14/eb377acf78c03c92d566a1510cda8137348215b5335085ef662ab82ecd3a/mypy-1.20.2-cp312-cp312-manylinux2014_aarch64.manylinux_2_17_aarch64.manylinux_2_28_aarch64.whl", hash = "sha256:34397cdced6b90b836e38182076049fdb41424322e0b0728c946b0939ebdf9f6", size = 13740347 },
    { url = "https://files.pythonhosted.org/packages/b9/94/7e4634a32b641aa1c112422eed1bbece61ee16205f674190e8b536f884de/mypy-1.20.2-cp312-cp312-manylinux2014_x86_64.manylinux_2_17_x86_64.manylinux_2_28_x86_64.whl", hash = "sha256:a5da6976f20cae27059ea8d0c86e7cef3de720e04c4bb9ee18e3690fdb792066", size = 14734042 },
    { url = "https://files.pythonhosted.org/packages/7a/f3/f7e62395cb7f434541b4491a01149a4439e28ace4c0c632bbf5431e92d1f/mypy-1.20.2-cp312-cp312-musllinux_1_2_x86_64.whl", hash = "sha256:56908d7e08318d39f85b1f0c6cfd47b0cac1a130da677630dac0de3e0623e102", size = 14964958 },
    { url = "https://files.pythonhosted.org/packages/3e/0d/47e3c3a0ec2a876e35aeac365df3cac7776c36bbd4ed18cc521e1b9d255b/mypy-1.20.2-cp312-cp312-win_amd64.whl", hash = "sha256:d52ad8d78522da1d308789df651ee5379088e77c76cb1994858d40a426b343b9", size = 10911340 },
    { url = "https://files.pythonhosted.org/packages/d6/b2/6c852d72e0ea8b01f49da817fb52539993cde327e7d010e0103dc12d0dac/mypy-1.20.2-cp312-cp312-win_arm64.whl", hash = "sha256:785b08db19c9f214dc37d65f7c165d19a30fcecb48abfa30f31b01b5acaabb58", size = 9833947 },
    { url = "https://files.pythonhosted.org/packages/28/9a/f23c163e25b11074188251b0b5a0342625fc1cdb6af604757174fa9acc9b/mypy-1.20.2-py3-none-any.whl", hash = "sha256:a94c5a76ab46c5e6257c7972b6c8cff0574201ca7dc05647e33e795d78680563", size = 2637314 },
]

[[package]]
name = "mypy-extensions"
version = "1.1.0"
source = { registry = "https://pypi.org/simple" }
sdist = { url = "https://files.pythonhosted.org/packages/a2/6e/371856a3fb9d31ca8dac321cda606860fa4548858c0cc45d9d1d4ca2628b/mypy_extensions-1.1.0.tar.gz", hash = "sha256:52e68efc3284861e772bbcd66823fde5ae21fd2fdb51c62a211403730b916558", size = 6343 }
wheels = [
    { url = "https://files.pythonhosted.org/packages/79/7b/2c79738432f5c924bef5071f933bcc9efd0473bac3b4aa584a6f7c1c8df8/mypy_extensions-1.1.0-py3-none-any.whl", hash = "sha256:1be4cccdb0f2482337c4743e60421de3a356cd97508abadd57d47403e94f5505", size = 4963 },
]

[[package]]
name = "numpy"
version = "1.26.4"
source = { registry = "https://pypi.org/simple" }
sdist = { url = "https://files.pythonhosted.org/packages/65/6e/09db70a523a96d25e115e71cc56a6f9031e7b8cd166c1ac8438307c14058/numpy-1.26.4.tar.gz", hash = "sha256:2a02aba9ed12e4ac4eb3ea9421c420301a0c6460d9830d74a9df87efa4912010", size = 15786129 }
wheels = [
    { url = "https://files.pythonhosted.org/packages/95/12/8f2020a8e8b8383ac0177dc9570aad031a3beb12e38847f7129bacd96228/numpy-1.26.4-cp312-cp312-macosx_10_9_x86_64.whl", hash = "sha256:b3ce300f3644fb06443ee2222c2201dd3a89ea6040541412b8fa189341847218", size = 20335901 },
    { url = "https://files.pythonhosted.org/packages/75/5b/ca6c8bd14007e5ca171c7c03102d17b4f4e0ceb53957e8c44343a9546dcc/numpy-1.26.4-cp312-cp312-macosx_11_0_arm64.whl", hash = "sha256:03a8c78d01d9781b28a6989f6fa1bb2c4f2d51201cf99d3dd875df6fbd96b23b", size = 13685868 },
    { url = "https://files.pythonhosted.org/packages/79/f8/97f10e6755e2a7d027ca783f63044d5b1bc1ae7acb12afe6a9b4286eac17/numpy-1.26.4-cp312-cp312-manylinux_2_17_aarch64.manylinux2014_aarch64.whl", hash = "sha256:9fad7dcb1aac3c7f0584a5a8133e3a43eeb2fe127f47e3632d43d677c66c102b", size = 13925109 },
    { url = "https://files.pythonhosted.org/packages/0f/50/de23fde84e45f5c4fda2488c759b69990fd4512387a8632860f3ac9cd225/numpy-1.26.4-cp312-cp312-manylinux_2_17_x86_64.manylinux2014_x86_64.whl", hash = "sha256:675d61ffbfa78604709862923189bad94014bef562cc35cf61d3a07bba02a7ed", size = 17950613 },
    { url = "https://files.pythonhosted.org/packages/4c/0c/9c603826b6465e82591e05ca230dfc13376da512b25ccd0894709b054ed0/numpy-1.26.4-cp312-cp312-musllinux_1_1_aarch64.whl", hash = "sha256:ab47dbe5cc8210f55aa58e4805fe224dac469cde56b9f731a4c098b91917159a", size = 13572172 },
    { url = "https://files.pythonhosted.org/packages/76/8c/2ba3902e1a0fc1c74962ea9bb33a534bb05984ad7ff9515bf8d07527cadd/numpy-1.26.4-cp312-cp312-musllinux_1_1_x86_64.whl", hash = "sha256:1dda2e7b4ec9dd512f84935c5f126c8bd8b9f2fc001e9f54af255e8c5f16b0e0", size = 17786643 },
    { url = "https://files.pythonhosted.org/packages/28/4a/46d9e65106879492374999e76eb85f87b15328e06bd1550668f79f7b18c6/numpy-1.26.4-cp312-cp312-win32.whl", hash = "sha256:50193e430acfc1346175fcbdaa28ffec49947a06918b7b92130744e81e640110", size = 5677803 },
    { url = "https://files.pythonhosted.org/packages/16/2e/86f24451c2d530c88daf997cb8d6ac622c1d40d19f5a031ed68a4b73a374/numpy-1.26.4-cp312-cp312-win_amd64.whl", hash = "sha256:08beddf13648eb95f8d867350f6a018a4be2e5ad54c8d8caed89ebca558b2818", size = 15517754 },
]

[[package]]
name = "opentrons"
version = "8.8.2"
source = { registry = "https://pypi.org/simple" }
dependencies = [
    { name = "aionotify" },
    { name = "anyio" },
    { name = "click" },
    { name = "jsonschema" },
    { name = "numpy" },
    { name = "opentrons-shared-data" },
    { name = "packaging" },
    { name = "pydantic" },
    { name = "pydantic-settings" },
    { name = "pyserial" },
    { name = "pyusb" },
    { name = "typing-extensions" },
]
sdist = { url = "https://files.pythonhosted.org/packages/88/f9/8e9fb367276a6fa56268f3ca40202994529f691ce4a10536bcacd782aff9/opentrons-8.8.2.tar.gz", hash = "sha256:a77a32d86a7e92a6ee7277d9d44518084c3ec5de6e5e23542f1515b4335de9d3", size = 2154281 }
wheels = [
    { url = "https://files.pythonhosted.org/packages/52/f6/7329e1e0aca3e4dfd27719dc7ab72ad9764541cb937b0c7321ad43f4191e/opentrons-8.8.2-py3-none-any.whl", hash = "sha256:e6f455a1aa807c7787f3d469757d3c7b6ada0fa0390a8319106bdbe2dd85e89d", size = 1870227 },
]

[[package]]
name = "opentrons-shared-data"
version = "8.8.2"
source = { registry = "https://pypi.org/simple" }
dependencies = [
    { name = "jsonschema" },
    { name = "pydantic" },
    { name = "typing-extensions" },
]
sdist = { url = "https://files.pythonhosted.org/packages/3d/b4/6d66d9b106a2c81f4c91e18e224bc55908df1f10711cb03e9934e65cde36/opentrons_shared_data-8.8.2.tar.gz", hash = "sha256:b07a3343d5986cb1d49bb0005642425067955b0b8282d208a5f42ab69f1bb9a4", size = 658731 }
wheels = [
    { url = "https://files.pythonhosted.org/packages/98/40/a6620ced846254d020e350cccdf19cd505628e8dca1b82b93cfcddb242f8/opentrons_shared_data-8.8.2-py3-none-any.whl", hash = "sha256:12d77eab3a41bfb4e5a947f7ca5062d40eb1fcffcf2a6d12a317af7ac249b6f3", size = 1169425 },
]

[[package]]
name = "packaging"
version = "26.3"
source = { registry = "https://pypi.org/simple" }
sdist = { url = "https://files.pythonhosted.org/packages/7d/fa/3944b40b07da9ce895c0e6303a5ab7d53da063554f534556b134a54d6093/packaging-26.3.tar.gz", hash = "sha256:94edc256424af38762eb31306eed28beb9f0efc50a8837492c9d6fd6004aed79", size = 313412 }
wheels = [
    { url = "https://files.pythonhosted.org/packages/63/34/ba1c580383c9eada3711951fef0795c80b829a078d72188184bcab9dd527/packaging-26.3-py3-none-any.whl", hash = "sha256:d7193f7c8e4e93f444fde0262bf90af30e16fa0ad0ad44cb553c87339b23cd1c", size = 129956 },
]

[[package]]
name = "pathspec"
version = "1.1.1"
source = { registry = "https://pypi.org/simple" }
sdist = { url = "https://files.pythonhosted.org/packages/5a/82/42f767fc1c1143d6fd36efb827202a2d997a375e160a71eb2888a925aac1/pathspec-1.1.1.tar.gz", hash = "sha256:17db5ecd524104a120e173814c90367a96a98d07c45b2e10c2f3919fff91bf5a", size = 135180 }
wheels = [
    { url = "https://files.pythonhosted.org/packages/f1/d9/7fb5aa316bc299258e68c73ba3bddbc499654a07f151cba08f6153988714/pathspec-1.1.1-py3-none-any.whl", hash = "sha256:a00ce642f577bf7f473932318056212bc4f8bfdf53128c78bbd5af0b9b20b189", size = 57328 },
]

[[package]]
name = "pluggy"
version = "1.6.0"
source = { registry = "https://pypi.org/simple" }
sdist = { url = "https://files.pythonhosted.org/packages/f9/e2/3e91f31a7d2b083fe6ef3fa267035b518369d9511ffab804f839851d2779/pluggy-1.6.0.tar.gz", hash = "sha256:7dcc130b76258d33b90f61b658791dede3486c3e6bfb003ee5c9bfb396dd22f3", size = 69412 }
wheels = [
    { url = "https://files.pythonhosted.org/packages/54/20/4d324d65cc6d9205fabedc306948156824eb9f0ee1633355a8f7ec5c66bf/pluggy-1.6.0-py3-none-any.whl", hash = "sha256:e920276dd6813095e9377c0bc5566d94c932c33b27a3e3945d8389c374dd4746", size = 20538 },
]

[[package]]
name = "pydantic"
version = "2.13.4"
source = { registry = "https://pypi.org/simple" }
dependencies = [
    { name = "annotated-types" },
    { name = "pydantic-core" },
    { name = "typing-extensions" },
    { name = "typing-inspection" },
]
sdist = { url = "https://files.pythonhosted.org/packages/18/a5/b60d21ac674192f8ab0ba4e9fd860690f9b4a6e51ca5df118733b487d8d6/pydantic-2.13.4.tar.gz", hash = "sha256:c40756b57adaa8b1efeeced5c196f3f3b7c435f90e84ea7f443901bec8099ef6", size = 844775 }
wheels = [
    { url = "https://files.pythonhosted.org/packages/fd/7b/122376b1fd3c62c1ed9dc80c931ace4844b3c55407b6fb2d199377c9736f/pydantic-2.13.4-py3-none-any.whl", hash = "sha256:45a282cde31d808236fd7ea9d919b128653c8b38b393d1c4ab335c62924d9aba", size = 472262 },
]

[[package]]
name = "pydantic-core"
version = "2.46.4"
source = { registry = "https://pypi.org/simple" }
dependencies = [
    { name = "typing-extensions" },
]
sdist = { url = "https://files.pythonhosted.org/packages/9d/56/921726b776ace8d8f5db44c4ef961006580d91dc52b803c489fafd1aa249/pydantic_core-2.46.4.tar.gz", hash = "sha256:62f875393d7f270851f20523dd2e29f082bcc82292d66db2b64ea71f64b6e1c1", size = 471464 }
wheels = [
    { url = "https://files.pythonhosted.org/packages/ce/8c/af022f0af448d7747c5154288d46b5f2bc5f17366eaa0e23e9aa04d59f3b/pydantic_core-2.46.4-cp312-cp312-macosx_10_12_x86_64.whl", hash = "sha256:3245406455a5d98187ec35530fd772b1d799b26667980872c8d4614991e2c4a2", size = 2106158 },
    { url = "https://files.pythonhosted.org/packages/19/95/6195171e385007300f0f5574592e467c568becce2d937a0b6804f218bc49/pydantic_core-2.46.4-cp312-cp312-macosx_11_0_arm64.whl", hash = "sha256:962ccbab7b642487b1d8b7df90ef677e03134cf1fd8880bf698649b22a69371f", size = 1951724 },
    { url = "https://files.pythonhosted.org/packages/8e/bc/f47d1ff9cbb1620e1b5b697eef06010035735f07820180e74178226b27b3/pydantic_core-2.46.4-cp312-cp312-manylinux_2_17_aarch64.manylinux2014_aarch64.whl", hash = "sha256:8233f2947cf85404441fd7e0085f53b10c93e0ee78611099b5c7237e36aacbf7", size = 1975742 },
    { url = "https://files.pythonhosted.org/packages/5b/11/9b9a5b0306345664a2da6410877af6e8082481b5884b3ddd78d47c6013ce/pydantic_core-2.46.4-cp312-cp312-manylinux_2_17_armv7l.manylinux2014_armv7l.whl", hash = "sha256:3a233125ac121aa3ffba9a2b59edfc4a985a76092dc8279586ab4b71390875e7", size = 2052418 },
    { url = "https://files.pythonhosted.org/packages/f1/b7/a65fec226f5d78fc39f4a13c4cc0c768c22b113438f60c14adc9d2865038/pydantic_core-2.46.4-cp312-cp312-manylinux_2_17_ppc64le.manylinux2014_ppc64le.whl", hash = "sha256:5b712b53160b79a5850310b912a5ef8e57e56947c8ad690c227f5c9d7e561712", size = 2232274 },
    { url = "https://files.pythonhosted.org/packages/68/f0/92039db98b907ef49269a8271f67db9cb78ae2fc68062ef7e4e77adb5f61/pydantic_core-2.46.4-cp312-cp312-manylinux_2_17_s390x.manylinux2014_s390x.whl", hash = "sha256:9401557acd873c3a7f3eb9383edef8ac4968f9510e340f4808d427e75667e7b4", size = 2309940 },
    { url = "https://files.pythonhosted.org/packages/5f/97/2aab507d3d00ca626e8e57c1eac6a79e4e5fbcc63eb99733ff55d1717f65/pydantic_core-2.46.4-cp312-cp312-manylinux_2_17_x86_64.manylinux2014_x86_64.whl", hash = "sha256:926c9541b14b12b1681dca8a0b75feb510b06c6341b70a8e500c2fdcff837cce", size = 2094516 },
    { url = "https://files.pythonhosted.org/packages/22/37/a8aca44d40d737dde2bc05b3c6c07dff0de07ce6f82e9f3167aeaf4d5dea/pydantic_core-2.46.4-cp312-cp312-manylinux_2_31_riscv64.whl", hash = "sha256:56cb4851bcaf3d117eddcef4fe66afd750a50274b0da8e22be256d10e5611987", size = 2136854 },
    { url = "https://files.pythonhosted.org/packages/24/99/fcef1b79238c06a8cbec70819ac722ba76e02bc8ada9b0fd66eba40da01b/pydantic_core-2.46.4-cp312-cp312-manylinux_2_5_i686.manylinux1_i686.whl", hash = "sha256:c68fcd102d71ea85c5b2dfac3f4f8476eff42a9e078fd5faefff6d145063536b", size = 2180306 },
    { url = "https://files.pythonhosted.org/packages/ae/6c/fc44000918855b42779d007ae63b0532794739027b2f417321cddbc44f6a/pydantic_core-2.46.4-cp312-cp312-musllinux_1_1_aarch64.whl", hash = "sha256:b2f69dec1725e79a012d920df1707de5caf7ed5e08f3be4435e25803efc47458", size = 2190044 },
    { url = "https://files.pythonhosted.org/packages/6b/65/d9cadc9f1920d7a127ad2edba16c1db7916e59719285cd6c94600b0080ba/pydantic_core-2.46.4-cp312-cp312-musllinux_1_1_armv7l.whl", hash = "sha256:8d0820e8192167f80d88d64038e609c31452eeca865b4e1d9950a27a4609b00b", size = 2329133 },
    { url = "https://files.pythonhosted.org/packages/d0/cf/c873d91679f3a30bcf5e7ac280ce5573483e72295307685120d0d5ad3416/pydantic_core-2.46.4-cp312-cp312-musllinux_1_1_x86_64.whl", hash = "sha256:fbdb89b3e1c94a30cc5edfce477c6e6a5dc4d8f84665b455c27582f211a1c72c", size = 2374464 },
    { url = "https://files.pythonhosted.org/packages/47/bd/6f2fc8188f31bf10590f1e98e7b306336161fac930a8c514cd7bd828c7dc/pydantic_core-2.46.4-cp312-cp312-win32.whl", hash = "sha256:9aa768456404a8bf48a4406685ac2bec8e72b62c69313734fa3b73cf33b3a894", size = 1974823 },
    { url = "https://files.pythonhosted.org/packages/40/8c/985c1d41ea1107c2534abd9870e4ed5c8e7669b5c308297835c001e7a1c4/pydantic_core-2.46.4-cp312-cp312-win_amd64.whl", hash = "sha256:e9c26f834c65f5752f3f06cb08cb86a913ceb7274d0db6e267808a708b46bc89", size = 2072919 },
    { url = "https://files.pythonhosted.org/packages/c4/ba/f463d006e0c47373ca7ec5e1a261c59dc01ef4d62b2657af925fb0deee3a/pydantic_core-2.46.4-cp312-cp312-win_arm64.whl", hash = "sha256:4fc73cb559bdb54b1134a706a2802a4cddd27a0633f5abb7e53056268751ac6a", size = 2027604 },
    { url = "https://files.pythonhosted.org/packages/9d/1d/8987ad40f65ae1432753072f214fb5c74fe47ffbd0698bb9cbbb585664f8/pydantic_core-2.46.4-graalpy312-graalpy250_312_native-macosx_10_12_x86_64.whl", hash = "sha256:1d8ba486450b14f3b1d63bc521d410ec7565e52f887b9fb671791886436a42f7", size = 2095527 },
    { url = "https://files.pythonhosted.org/packages/64/d3/84c282a7eee1d3ac4c0377546ef5a1ea436ce26840d9ac3b7ed54a377507/pydantic_core-2.46.4-graalpy312-graalpy250_312_native-macosx_11_0_arm64.whl", hash = "sha256:3009f12e4e90b7f88b4f9adb1b0c4a3d58fe7820f3238c190047209d148026df", size = 1936024 },
    { url = "https://files.pythonhosted.org/packages/d7/ca/eac61596cdeb4d7e174d3dc0bd8a6238f14f75f97a24e7b7db4c7e7340a0/pydantic_core-2.46.4-graalpy312-graalpy250_312_native-manylinux_2_17_aarch64.manylinux2014_aarch64.whl", hash = "sha256:ad785e92e6dc634c21555edc8bd6b64957ab844541bcb96a1366c202951ae526", size = 1990696 },
    { url = "https://files.pythonhosted.org/packages/fa/c3/7c8b240552251faf6b3a957db200fcfbbcec36763c050428b601e0c9b83b/pydantic_core-2.46.4-graalpy312-graalpy250_312_native-manylinux_2_17_x86_64.manylinux2014_x86_64.whl", hash = "sha256:00c603d540afdd6b80eb39f078f33ebd46211f02f33e34a32d9f053bba711de0", size = 2147590 },
]

[[package]]
name = "pydantic-settings"
version = "2.14.2"
source = { registry = "https://pypi.org/simple" }
dependencies = [
    { name = "pydantic" },
    { name = "python-dotenv" },
    { name = "typing-inspection" },
]
sdist = { url = "https://files.pythonhosted.org/packages/5c/b5/8f48e906c3e0205276e8bd8cb7512217a87b2685304d64be27cad5b3019f/pydantic_settings-2.14.2.tar.gz", hash = "sha256:c19dd64b19097f1de80184f0cc7b0272a13ae6e170cbf240a3e27e381ed14a5f", size = 237700 }
wheels = [
    { url = "https://files.pythonhosted.org/packages/77/c1/6e422f34e569cf8e18df68d1939c81c099d2b61e4f7d9621c8a77560799c/pydantic_settings-2.14.2-py3-none-any.whl", hash = "sha256:a20c97b37910b6550d5ea50fbcc2d4187defe58cd57070b73863d069419c9440", size = 61715 },
]

[[package]]
name = "pygments"
version = "2.20.0"
source = { registry = "https://pypi.org/simple" }
sdist = { url = "https://files.pythonhosted.org/packages/c3/b2/bc9c9196916376152d655522fdcebac55e66de6603a76a02bca1b6414f6c/pygments-2.20.0.tar.gz", hash = "sha256:6757cd03768053ff99f3039c1a36d6c0aa0b263438fcab17520b30a303a82b5f", size = 4955991 }
wheels = [
    { url = "https://files.pythonhosted.org/packages/f4/7e/a72dd26f3b0f4f2bf1dd8923c85f7ceb43172af56d63c7383eb62b332364/pygments-2.20.0-py3-none-any.whl", hash = "sha256:81a9e26dd42fd28a23a2d169d86d7ac03b46e2f8b59ed4698fb4785f946d0176", size = 1231151 },
]

[[package]]
name = "pyrsistent"
version = "0.20.0"
source = { registry = "https://pypi.org/simple" }
sdist = { url = "https://files.pythonhosted.org/packages/ce/3a/5031723c09068e9c8c2f0bc25c3a9245f2b1d1aea8396c787a408f2b95ca/pyrsistent-0.20.0.tar.gz", hash = "sha256:4c48f78f62ab596c679086084d0dd13254ae4f3d6c72a83ffdf5ebdef8f265a4", size = 103642 }
wheels = [
    { url = "https://files.pythonhosted.org/packages/15/ee/ff2ed52032ac1ce2e7ba19e79bd5b05d152ebfb77956cf08fcd6e8d760ea/pyrsistent-0.20.0-cp312-cp312-macosx_10_9_universal2.whl", hash = "sha256:09848306523a3aba463c4b49493a760e7a6ca52e4826aa100ee99d8d39b7ad1e", size = 83537 },
    { url = "https://files.pythonhosted.org/packages/80/f1/338d0050b24c3132bcfc79b68c3a5f54bce3d213ecef74d37e988b971d8a/pyrsistent-0.20.0-cp312-cp312-manylinux_2_17_aarch64.manylinux2014_aarch64.whl", hash = "sha256:a14798c3005ec892bbada26485c2eea3b54109cb2533713e355c806891f63c5e", size = 122615 },
    { url = "https://files.pythonhosted.org/packages/07/3a/e56d6431b713518094fae6ff833a04a6f49ad0fbe25fb7c0dc7408e19d20/pyrsistent-0.20.0-cp312-cp312-manylinux_2_17_x86_64.manylinux2014_x86_64.whl", hash = "sha256:b14decb628fac50db5e02ee5a35a9c0772d20277824cfe845c8a8b717c15daa3", size = 122335 },
    { url = "https://files.pythonhosted.org/packages/4a/bb/5f40a4d5e985a43b43f607250e766cdec28904682c3505eb0bd343a4b7db/pyrsistent-0.20.0-cp312-cp312-manylinux_2_5_i686.manylinux1_i686.manylinux_2_17_i686.manylinux2014_i686.whl", hash = "sha256:2e2c116cc804d9b09ce9814d17df5edf1df0c624aba3b43bc1ad90411487036d", size = 118510 },
    { url = "https://files.pythonhosted.org/packages/1c/13/e6a22f40f5800af116c02c28e29f15c06aa41cb2036f6a64ab124647f28b/pyrsistent-0.20.0-cp312-cp312-win32.whl", hash = "sha256:e78d0c7c1e99a4a45c99143900ea0546025e41bb59ebc10182e947cf1ece9174", size = 60865 },
    { url = "https://files.pythonhosted.org/packages/75/ef/2fa3b55023ec07c22682c957808f9a41836da4cd006b5f55ec76bf0fbfa6/pyrsistent-0.20.0-cp312-cp312-win_amd64.whl", hash = "sha256:4021a7f963d88ccd15b523787d18ed5e5269ce57aa4037146a2377ff607ae87d", size = 63239 },
    { url = "https://files.pythonhosted.org/packages/23/88/0acd180010aaed4987c85700b7cc17f9505f3edb4e5873e4dc67f613e338/pyrsistent-0.20.0-py3-none-any.whl", hash = "sha256:c55acc4733aad6560a7f5f818466631f07efc001fd023f34a6c203f8b6df0f0b", size = 58106 },
]

[[package]]
name = "pyserial"
version = "3.5"
source = { registry = "https://pypi.org/simple" }
sdist = { url = "https://files.pythonhosted.org/packages/1e/7d/ae3f0a63f41e4d2f6cb66a5b57197850f919f59e558159a4dd3a818f5082/pyserial-3.5.tar.gz", hash = "sha256:3c77e014170dfffbd816e6ffc205e9842efb10be9f58ec16d3e8675b4925cddb", size = 159125 }
wheels = [
    { url = "https://files.pythonhosted.org/packages/07/bc/587a445451b253b285629263eb51c2d8e9bcea4fc97826266d186f96f558/pyserial-3.5-py2.py3-none-any.whl", hash = "sha256:c4451db6ba391ca6ca299fb3ec7bae67a5c55dde170964c7a14ceefec02f2cf0", size = 90585 },
]

[[package]]
name = "pytest"
version = "8.4.2"
source = { registry = "https://pypi.org/simple" }
dependencies = [
    { name = "colorama", marker = "sys_platform == 'win32'" },
    { name = "iniconfig" },
    { name = "packaging" },
    { name = "pluggy" },
    { name = "pygments" },
]
sdist = { url = "https://files.pythonhosted.org/packages/a3/5c/00a0e072241553e1a7496d638deababa67c5058571567b92a7eaa258397c/pytest-8.4.2.tar.gz", hash = "sha256:86c0d0b93306b961d58d62a4db4879f27fe25513d4b969df351abdddb3c30e01", size = 1519618 }
wheels = [
    { url = "https://files.pythonhosted.org/packages/a8/a4/20da314d277121d6534b3a980b29035dcd51e6744bd79075a6ce8fa4eb8d/pytest-8.4.2-py3-none-any.whl", hash = "sha256:872f880de3fc3a5bdc88a11b39c9710c3497a547cfa9320bc3c5e62fbf272e79", size = 365750 },
]

[[package]]
name = "python-dotenv"
version = "1.2.2"
source = { registry = "https://pypi.org/simple" }
sdist = { url = "https://files.pythonhosted.org/packages/82/ed/0301aeeac3e5353ef3d94b6ec08bbcabd04a72018415dcb29e588514bba8/python_dotenv-1.2.2.tar.gz", hash = "sha256:2c371a91fbd7ba082c2c1dc1f8bf89ca22564a087c2c287cd9b662adde799cf3", size = 50135 }
wheels = [
    { url = "https://files.pythonhosted.org/packages/0b/d7/1959b9648791274998a9c3526f6d0ec8fd2233e4d4acce81bbae76b44b2a/python_dotenv-1.2.2-py3-none-any.whl", hash = "sha256:1d8214789a24de455a8b8bd8ae6fe3c6b69a5e3d64aa8a8e5d68e694bbcb285a", size = 22101 },
]

[[package]]
name = "pyusb"
version = "1.2.1"
source = { registry = "https://pypi.org/simple" }
sdist = { url = "https://files.pythonhosted.org/packages/d9/6e/433a5614132576289b8643fe598dd5d51b16e130fd591564be952e15bb45/pyusb-1.2.1.tar.gz", hash = "sha256:a4cc7404a203144754164b8b40994e2849fde1cfff06b08492f12fff9d9de7b9", size = 75292 }
wheels = [
    { url = "https://files.pythonhosted.org/packages/15/a8/4982498b2ab44d1fcd5c49f07ea3795eab01601dc143b009d333fcace3b9/pyusb-1.2.1-py3-none-any.whl", hash = "sha256:2b4c7cb86dbadf044dfb9d3a4ff69fd217013dbe78a792177a3feb172449ea36", size = 58439 },
]

[[package]]
name = "ruff"
version = "0.16.1"
source = { registry = "https://pypi.org/simple" }
sdist = { url = "https://files.pythonhosted.org/packages/70/25/7113f6d5498888c5fb7db34081cba7d5971c4cb1bfb26819966eee68f003/ruff-0.16.1.tar.gz", hash = "sha256:fedad7c801dabd3fb9741d76aca39246e6ddd9ca446a015875207bf19f1e6bc7", size = 4877500 }
wheels = [
    { url = "https://files.pythonhosted.org/packages/1b/bd/694da69368e0973de65df2ddc73ab18d43c469d5963d9b150911de6bc513/ruff-0.16.1-py3-none-linux_armv6l.whl", hash = "sha256:58edb313b88f0c5460a26adf5f39a37a3be789494a15e3e411e35fa78b89f9a0", size = 10839126 },
    { url = "https://files.pythonhosted.org/packages/3f/f0/b626e5d5bd0dd9576263658ef12885e2288afd1029a48e26ffed65ec1ac1/ruff-0.16.1-py3-none-macosx_10_12_x86_64.whl", hash = "sha256:fde5a99e2f97479af66edd6622c6d5a2a7592c77cf4153d9e4428f5eeb55b60c", size = 11070253 },
    { url = "https://files.pythonhosted.org/packages/83/63/f40acfb6b35b88623e71684942b552c3edd96035f5d98f313815f7b277de/ruff-0.16.1-py3-none-macosx_11_0_arm64.whl", hash = "sha256:e0d4c20532fca4f7fa609369161d968dd28f65d83dabbd61d8e9c7edbf7001f6", size = 10561425 },
    { url = "https://files.pythonhosted.org/packages/aa/dd/14ec0e9c2b4d315547dd38765004b4863e354e1b52cb308272215d9f6f6d/ruff-0.16.1-py3-none-manylinux_2_17_aarch64.manylinux2014_aarch64.whl", hash = "sha256:30affbcedf59ad5703d9c91f82266e02b47739f797e1a7b6e158e5526a6dae38", size = 10948879 },
    { url = "https://files.pythonhosted.org/packages/33/e9/9d870cbae575030fdef595f04b4b97573c525b5497cce4f4498cf2f85446/ruff-0.16.1-py3-none-manylinux_2_17_armv7l.manylinux2014_armv7l.whl", hash = "sha256:24e9c631573cbca9d20f1283f8f479b2afa4a8503504822bd71a293889f16743", size = 10643691 },
    { url = "https://files.pythonhosted.org/packages/c4/09/12743d544e2173f53ecd27217c65f90d2bc0f8424a66a60339e56bbc0457/ruff-0.16.1-py3-none-manylinux_2_17_i686.manylinux2014_i686.whl", hash = "sha256:b41bdd48fb420987a9b5212e4957c26ad4abce401fa9ea9d4d85843727945f4f", size = 11435354 },
    { url = "https://files.pythonhosted.org/packages/7f/89/a1652b2daee52083c9554a6333b678a8b01d0400f976827bb87857f9449a/ruff-0.16.1-py3-none-manylinux_2_17_ppc64le.manylinux2014_ppc64le.whl", hash = "sha256:b0d1e1393b7648079e13669de1c1f4fde06d4583e84d8fd5c1551e0a77a2aa75", size = 12259033 },
    { url = "https://files.pythonhosted.org/packages/16/96/ecdcb8c54ee7b123b487f807eb014e6e019155a0b81dfb669acd52f28ce3/ruff-0.16.1-py3-none-manylinux_2_17_s390x.manylinux2014_s390x.whl", hash = "sha256:07bf434b1c95f4e093be4532068ef4fcf00924eb2ade8796075980902d6fd54a", size = 11667981 },
    { url = "https://files.pythonhosted.org/packages/cd/90/c52e12e0d862e9572f2a33aa227409143520abe53111e9a6babbac7b4af8/ruff-0.16.1-py3-none-manylinux_2_17_x86_64.manylinux2014_x86_64.whl", hash = "sha256:39897739f112253ee4fdd2e8aa9a4f9ded99fb2be367d5f31dfa4ded6025584c", size = 11468183 },
    { url = "https://files.pythonhosted.org/packages/2c/6b/4ffb7ad1d83eb16cf8cbb3c8815d3f11c88460fd162d4b372a2059be1c2a/ruff-0.16.1-py3-none-manylinux_2_31_riscv64.whl", hash = "sha256:82ae3c0c0d74daf17b968a10b7b3bb3ef297ab7de0c1f749646b25e690ccb150", size = 11470071 },
    { url = "https://files.pythonhosted.org/packages/9c/72/32ae7db4c0b5e32ab611787caa19d1546800676d79f7483b7100a3561bf4/ruff-0.16.1-py3-none-musllinux_1_2_aarch64.whl", hash = "sha256:4d5f2ed10f8242d83fc08d521301089364e3375375705356f20c0e31606ef3ef", size = 10919503 },
    { url = "https://files.pythonhosted.org/packages/f7/ca/3d901ba6ad6fc38da39c3448fc6c59ac945679293a17c3ceb6d6c1cba13e/ruff-0.16.1-py3-none-musllinux_1_2_armv7l.whl", hash = "sha256:a4665b309891f83f3e3c25447935f1213e9abbd4b5640af7a1f2def9f8d413c1", size = 10649861 },
    { url = "https://files.pythonhosted.org/packages/92/79/894ef1ced26552d5f8c9cf6d85b0687840e1128c55aeab7b9c2d54a0d880/ruff-0.16.1-py3-none-musllinux_1_2_i686.whl", hash = "sha256:26e9ca5c9bc3971f20d3cf18a957f52ffd6a5f6564ff15c4912a144dcac22494", size = 11148137 },
    { url = "https://files.pythonhosted.org/packages/2d/69/3609a09fa1cb46cc28b762363e440a354204e5dff01bd0c8d7437874d6b9/ruff-0.16.1-py3-none-musllinux_1_2_x86_64.whl", hash = "sha256:67e1e1e3fa4f0c82f0e36d4cd61e661f6e7a6196cb1aa92fe0828fa7b8f257cd", size = 11559211 },
    { url = "https://files.pythonhosted.org/packages/fc/8a/fb22af2fd78a736e241fabf67e30ce1799a64244026377a49e133af90762/ruff-0.16.1-py3-none-win32.whl", hash = "sha256:d31765e131295b8445caf301e3e8a85b34d1b9b211b4109b7ba457888b051806", size = 10838258 },
    { url = "https://files.pythonhosted.org/packages/d4/35/e57fd9fb5d423961df087a00b12d42c0a830288dc2f3b45ecca299158b4f/ruff-0.16.1-py3-none-win_amd64.whl", hash = "sha256:09b05e8b90c2cb06ad63464350e7a45e8e44a2dfe52072ebfba6666ca8d3f596", size = 11961111 },
    { url = "https://files.pythonhosted.org/packages/cb/46/240ea004bf6dc4feb40e9832f2205a476a47dd5b8a3f8211a5fc5f95e20e/ruff-0.16.1-py3-none-win_arm64.whl", hash = "sha256:dbaadaac38c70239f056d306b7476f246b0bf000fa6b3876402acbf5b227eaf8", size = 11309414 },
]

[[package]]
name = "typing-extensions"
version = "4.16.0"
source = { registry = "https://pypi.org/simple" }
sdist = { url = "https://files.pythonhosted.org/packages/f6/cc/6253133b5bb138fc3306cebfbda2c520f545d36b5be2c7255cc528bb45d6/typing_extensions-4.16.0.tar.gz", hash = "sha256:dc983d19a509c94dba722ee6abd33940f7c05a89e243c47e907eb4db6f1a43e5", size = 113555 }
wheels = [
    { url = "https://files.pythonhosted.org/packages/49/d3/b8441a820a491ddfc024b0b0cf0393375b75ea13866d9c66727e54c2fc80/typing_extensions-4.16.0-py3-none-any.whl", hash = "sha256:481caa481374e813c1b176ada14e97f1f67a4539ce9cfeb3f350d78d6370c2e8", size = 45571 },
]

[[package]]
name = "typing-inspection"
version = "0.4.2"
source = { registry = "https://pypi.org/simple" }
dependencies = [
    { name = "typing-extensions" },
]
sdist = { url = "https://files.pythonhosted.org/packages/55/e3/70399cb7dd41c10ac53367ae42139cf4b1ca5f36bb3dc6c9d33acdb43655/typing_inspection-0.4.2.tar.gz", hash = "sha256:ba561c48a67c5958007083d386c3295464928b01faa735ab8547c5692e87f464", size = 75949 }
wheels = [
    { url = "https://files.pythonhosted.org/packages/dc/9b/47798a6c91d8bdb567fe2698fe81e0c6b7cb7ef4d13da4114b41d239f65d/typing_inspection-0.4.2-py3-none-any.whl", hash = "sha256:4ed1cacbdc298c220f1bd249ed5287caa16f34d44ef4e9c3d0cbad5b521545e7", size = 14611 },
]
